// !$*UTF8*$!
{
	archiveVersion = 1;
	classes = {
	};
	objectVersion = 50;
	objects = {

/* Begin PBXBuildFile section */
		8CF5CA212625264000ABEE88 /* SwiftUIGauge WatchKit App.app in Embed Watch Content */ = {isa = PBXBuildFile; fileRef = 8CF5CA202625264000ABEE88 /* SwiftUIGauge WatchKit App.app */; settings = {ATTRIBUTES = (RemoveHeadersOnCopy, ); }; };
		8CF5CA262625264200ABEE88 /* Assets.xcassets in Resources */ = {isa = PBXBuildFile; fileRef = 8CF5CA252625264200ABEE88 /* Assets.xcassets */; };
		8CF5CA2D2625264300ABEE88 /* SwiftUIGauge WatchKit Extension.appex in Embed App Extensions */ = {isa = PBXBuildFile; fileRef = 8CF5CA2C2625264300ABEE88 /* SwiftUIGauge WatchKit Extension.appex */; settings = {ATTRIBUTES = (RemoveHeadersOnCopy, ); }; };
		8CF5CA322625264300ABEE88 /* SwiftUIGaugeApp.swift in Sources */ = {isa = PBXBuildFile; fileRef = 8CF5CA312625264300ABEE88 /* SwiftUIGaugeApp.swift */; };
		8CF5CA342625264300ABEE88 /* ContentView.swift in Sources */ = {isa = PBXBuildFile; fileRef = 8CF5CA332625264300ABEE88 /* ContentView.swift */; };
		8CF5CA362625264300ABEE88 /* NotificationController.swift in Sources */ = {isa = PBXBuildFile; fileRef = 8CF5CA352625264300ABEE88 /* NotificationController.swift */; };
		8CF5CA382625264300ABEE88 /* NotificationView.swift in Sources */ = {isa = PBXBuildFile; fileRef = 8CF5CA372625264300ABEE88 /* NotificationView.swift */; };
		8CF5CA3A2625264300ABEE88 /* ComplicationController.swift in Sources */ = {isa = PBXBuildFile; fileRef = 8CF5CA392625264300ABEE88 /* ComplicationController.swift */; };
		8CF5CA3C2625264300ABEE88 /* Assets.xcassets in Resources */ = {isa = PBXBuildFile; fileRef = 8CF5CA3B2625264300ABEE88 /* Assets.xcassets */; };
		8CF5CA3F2625264300ABEE88 /* Preview Assets.xcassets in Resources */ = {isa = PBXBuildFile; fileRef = 8CF5CA3E2625264300ABEE88 /* Preview Assets.xcassets */; };
/* End PBXBuildFile section */

/* Begin PBXContainerItemProxy section */
		8CF5CA222625264000ABEE88 /* PBXContainerItemProxy */ = {
			isa = PBXContainerItemProxy;
			containerPortal = 8CF5CA162625264000ABEE88 /* Project object */;
			proxyType = 1;
			remoteGlobalIDString = 8CF5CA1F2625264000ABEE88;
			remoteInfo = "SwiftUIGauge WatchKit App";
		};
		8CF5CA2E2625264300ABEE88 /* PBXContainerItemProxy */ = {
			isa = PBXContainerItemProxy;
			containerPortal = 8CF5CA162625264000ABEE88 /* Project object */;
			proxyType = 1;
			remoteGlobalIDString = 8CF5CA2B2625264300ABEE88;
			remoteInfo = "SwiftUIGauge WatchKit Extension";
		};
/* End PBXContainerItemProxy section */

/* Begin PBXCopyFilesBuildPhase section */
		8CF5CA472625264300ABEE88 /* Embed App Extensions */ = {
			isa = PBXCopyFilesBuildPhase;
			buildActionMask = 2147483647;
			dstPath = "";
			dstSubfolderSpec = 13;
			files = (
				8CF5CA2D2625264300ABEE88 /* SwiftUIGauge WatchKit Extension.appex in Embed App Extensions */,
			);
			name = "Embed App Extensions";
			runOnlyForDeploymentPostprocessing = 0;
		};
		8CF5CA4B2625264300ABEE88 /* Embed Watch Content */ = {
			isa = PBXCopyFilesBuildPhase;
			buildActionMask = 2147483647;
			dstPath = "$(CONTENTS_FOLDER_PATH)/Watch";
			dstSubfolderSpec = 16;
			files = (
				8CF5CA212625264000ABEE88 /* SwiftUIGauge WatchKit App.app in Embed Watch Content */,
			);
			name = "Embed Watch Content";
			runOnlyForDeploymentPostprocessing = 0;
		};
/* End PBXCopyFilesBuildPhase section */

/* Begin PBXFileReference section */
		8CF5CA1C2625264000ABEE88 /* SwiftUIGauge.app */ = {isa = PBXFileReference; explicitFileType = wrapper.application; includeInIndex = 0; path = SwiftUIGauge.app; sourceTree = BUILT_PRODUCTS_DIR; };
		8CF5CA202625264000ABEE88 /* SwiftUIGauge WatchKit App.app */ = {isa = PBXFileReference; explicitFileType = wrapper.application; includeInIndex = 0; path = "SwiftUIGauge WatchKit App.app"; sourceTree = BUILT_PRODUCTS_DIR; };
		8CF5CA252625264200ABEE88 /* Assets.xcassets */ = {isa = PBXFileReference; lastKnownFileType = folder.assetcatalog; path = Assets.xcassets; sourceTree = "<group>"; };
		8CF5CA272625264200ABEE88 /* Info.plist */ = {isa = PBXFileReference; lastKnownFileType = text.plist.xml; path = Info.plist; sourceTree = "<group>"; };
		8CF5CA2C2625264300ABEE88 /* SwiftUIGauge WatchKit Extension.appex */ = {isa = PBXFileReference; explicitFileType = "wrapper.app-extension"; includeInIndex = 0; path = "SwiftUIGauge WatchKit Extension.appex"; sourceTree = BUILT_PRODUCTS_DIR; };
		8CF5CA312625264300ABEE88 /* SwiftUIGaugeApp.swift */ = {isa = PBXFileReference; lastKnownFileType = sourcecode.swift; path = SwiftUIGaugeApp.swift; sourceTree = "<group>"; };
		8CF5CA332625264300ABEE88 /* ContentView.swift */ = {isa = PBXFileReference; lastKnownFileType = sourcecode.swift; path = ContentView.swift; sourceTree = "<group>"; };
		8CF5CA352625264300ABEE88 /* NotificationController.swift */ = {isa = PBXFileReference; lastKnownFileType = sourcecode.swift; path = NotificationController.swift; sourceTree = "<group>"; };
		8CF5CA372625264300ABEE88 /* NotificationView.swift */ = {isa = PBXFileReference; lastKnownFileType = sourcecode.swift; path = NotificationView.swift; sourceTree = "<group>"; };
		8CF5CA392625264300ABEE88 /* ComplicationController.swift */ = {isa = PBXFileReference; lastKnownFileType = sourcecode.swift; path = ComplicationController.swift; sourceTree = "<group>"; };
		8CF5CA3B2625264300ABEE88 /* Assets.xcassets */ = {isa = PBXFileReference; lastKnownFileType = folder.assetcatalog; path = Assets.xcassets; sourceTree = "<group>"; };
		8CF5CA3E2625264300ABEE88 /* Preview Assets.xcassets */ = {isa = PBXFileReference; lastKnownFileType = folder.assetcatalog; path = "Preview Assets.xcassets"; sourceTree = "<group>"; };
		8CF5CA402625264300ABEE88 /* Info.plist */ = {isa = PBXFileReference; lastKnownFileType = text.plist.xml; path = Info.plist; sourceTree = "<group>"; };
		8CF5CA412625264300ABEE88 /* PushNotificationPayload.apns */ = {isa = PBXFileReference; lastKnownFileType = text; path = PushNotificationPayload.apns; sourceTree = "<group>"; };
/* End PBXFileReference section */

/* Begin PBXFrameworksBuildPhase section */
		8CF5CA292625264300ABEE88 /* Frameworks */ = {
			isa = PBXFrameworksBuildPhase;
			buildActionMask = 2147483647;
			files = (
			);
			runOnlyForDeploymentPostprocessing = 0;
		};
/* End PBXFrameworksBuildPhase section */

/* Begin PBXGroup section */
		8CF5CA152625264000ABEE88 = {
			isa = PBXGroup;
			children = (
				8CF5CA242625264000ABEE88 /* SwiftUIGauge WatchKit App */,
				8CF5CA302625264300ABEE88 /* SwiftUIGauge WatchKit Extension */,
				8CF5CA1D2625264000ABEE88 /* Products */,
			);
			sourceTree = "<group>";
		};
		8CF5CA1D2625264000ABEE88 /* Products */ = {
			isa = PBXGroup;
			children = (
				8CF5CA1C2625264000ABEE88 /* SwiftUIGauge.app */,
				8CF5CA202625264000ABEE88 /* SwiftUIGauge WatchKit App.app */,
				8CF5CA2C2625264300ABEE88 /* SwiftUIGauge WatchKit Extension.appex */,
			);
			name = Products;
			sourceTree = "<group>";
		};
		8CF5CA242625264000ABEE88 /* SwiftUIGauge WatchKit App */ = {
			isa = PBXGroup;
			children = (
				8CF5CA252625264200ABEE88 /* Assets.xcassets */,
				8CF5CA272625264200ABEE88 /* Info.plist */,
			);
			path = "SwiftUIGauge WatchKit App";
			sourceTree = "<group>";
		};
		8CF5CA302625264300ABEE88 /* SwiftUIGauge WatchKit Extension */ = {
			isa = PBXGroup;
			children = (
				8CF5CA312625264300ABEE88 /* SwiftUIGaugeApp.swift */,
				8CF5CA332625264300ABEE88 /* ContentView.swift */,
				8CF5CA352625264300ABEE88 /* NotificationController.swift */,
				8CF5CA372625264300ABEE88 /* NotificationView.swift */,
				8CF5CA392625264300ABEE88 /* ComplicationController.swift */,
				8CF5CA3B2625264300ABEE88 /* Assets.xcassets */,
				8CF5CA402625264300ABEE88 /* Info.plist */,
				8CF5CA412625264300ABEE88 /* PushNotificationPayload.apns */,
				8CF5CA3D2625264300ABEE88 /* Preview Content */,
			);
			path = "SwiftUIGauge WatchKit Extension";
			sourceTree = "<group>";
		};
		8CF5CA3D2625264300ABEE88 /* Preview Content */ = {
			isa = PBXGroup;
			children = (
				8CF5CA3E2625264300ABEE88 /* Preview Assets.xcassets */,
			);
			path = "Preview Content";
			sourceTree = "<group>";
		};
/* End PBXGroup section */

/* Begin PBXNativeTarget section */
		8CF5CA1B2625264000ABEE88 /* SwiftUIGauge */ = {
			isa = PBXNativeTarget;
			buildConfigurationList = 8CF5CA4C2625264300ABEE88 /* Build configuration list for PBXNativeTarget "SwiftUIGauge" */;
			buildPhases = (
				8CF5CA1A2625264000ABEE88 /* Resources */,
				8CF5CA4B2625264300ABEE88 /* Embed Watch Content */,
			);
			buildRules = (
			);
			dependencies = (
				8CF5CA232625264000ABEE88 /* PBXTargetDependency */,
			);
			name = SwiftUIGauge;
			productName = SwiftUIGauge;
			productReference = 8CF5CA1C2625264000ABEE88 /* SwiftUIGauge.app */;
			productType = "com.apple.product-type.application.watchapp2-container";
		};
		8CF5CA1F2625264000ABEE88 /* SwiftUIGauge WatchKit App */ = {
			isa = PBXNativeTarget;
			buildConfigurationList = 8CF5CA482625264300ABEE88 /* Build configuration list for PBXNativeTarget "SwiftUIGauge WatchKit App" */;
			buildPhases = (
				8CF5CA1E2625264000ABEE88 /* Resources */,
				8CF5CA472625264300ABEE88 /* Embed App Extensions */,
			);
			buildRules = (
			);
			dependencies = (
				8CF5CA2F2625264300ABEE88 /* PBXTargetDependency */,
			);
			name = "SwiftUIGauge WatchKit App";
			productName = "SwiftUIGauge WatchKit App";
			productReference = 8CF5CA202625264000ABEE88 /* SwiftUIGauge WatchKit App.app */;
			productType = "com.apple.product-type.application.watchapp2";
		};
		8CF5CA2B2625264300ABEE88 /* SwiftUIGauge WatchKit Extension */ = {
			isa = PBXNativeTarget;
			buildConfigurationList = 8CF5CA442625264300ABEE88 /* Build configuration list for PBXNativeTarget "SwiftUIGauge WatchKit Extension" */;
			buildPhases = (
				8CF5CA282625264300ABEE88 /* Sources */,
				8CF5CA292625264300ABEE88 /* Frameworks */,
				8CF5CA2A2625264300ABEE88 /* Resources */,
			);
			buildRules = (
			);
			dependencies = (
			);
			name = "SwiftUIGauge WatchKit Extension";
			productName = "SwiftUIGauge WatchKit Extension";
			productReference = 8CF5CA2C2625264300ABEE88 /* SwiftUIGauge WatchKit Extension.appex */;
			productType = "com.apple.product-type.watchkit2-extension";
		};
/* End PBXNativeTarget section */

/* Begin PBXProject section */
		8CF5CA162625264000ABEE88 /* Project object */ = {
			isa = PBXProject;
			attributes = {
				LastSwiftUpdateCheck = 1240;
				LastUpgradeCheck = 1240;
				TargetAttributes = {
					8CF5CA1B2625264000ABEE88 = {
						CreatedOnToolsVersion = 12.4;
					};
					8CF5CA1F2625264000ABEE88 = {
						CreatedOnToolsVersion = 12.4;
					};
					8CF5CA2B2625264300ABEE88 = {
						CreatedOnToolsVersion = 12.4;
					};
				};
			};
			buildConfigurationList = 8CF5CA192625264000ABEE88 /* Build configuration list for PBXProject "SwiftUIGauge" */;
			compatibilityVersion = "Xcode 9.3";
			developmentRegion = en;
			hasScannedForEncodings = 0;
			knownRegions = (
				en,
				Base,
			);
			mainGroup = 8CF5CA152625264000ABEE88;
			productRefGroup = 8CF5CA1D2625264000ABEE88 /* Products */;
			projectDirPath = "";
			projectRoot = "";
			targets = (
				8CF5CA1B2625264000ABEE88 /* SwiftUIGauge */,
				8CF5CA1F2625264000ABEE88 /* SwiftUIGauge WatchKit App */,
				8CF5CA2B2625264300ABEE88 /* SwiftUIGauge WatchKit Extension */,
			);
		};
/* End PBXProject section */

/* Begin PBXResourcesBuildPhase section */
		8CF5CA1A2625264000ABEE88 /* Resources */ = {
			isa = PBXResourcesBuildPhase;
			buildActionMask = 2147483647;
			files = (
			);
			runOnlyForDeploymentPostprocessing = 0;
		};
		8CF5CA1E2625264000ABEE88 /* Resources */ = {
			isa = PBXResourcesBuildPhase;
			buildActionMask = 2147483647;
			files = (
				8CF5CA262625264200ABEE88 /* Assets.xcassets in Resources */,
			);
			runOnlyForDeploymentPostprocessing = 0;
		};
		8CF5CA2A2625264300ABEE88 /* Resources */ = {
			isa = PBXResourcesBuildPhase;
			buildActionMask = 2147483647;
			files = (
				8CF5CA3F2625264300ABEE88 /* Preview Assets.xcassets in Resources */,
				8CF5CA3C2625264300ABEE88 /* Assets.xcassets in Resources */,
			);
			runOnlyForDeploymentPostprocessing = 0;
		};
/* End PBXResourcesBuildPhase section */

/* Begin PBXSourcesBuildPhase section */
		8CF5CA282625264300ABEE88 /* Sources */ = {
			isa = PBXSourcesBuildPhase;
			buildActionMask = 2147483647;
			files = (
				8CF5CA362625264300ABEE88 /* NotificationController.swift in Sources */,
				8CF5CA342625264300ABEE88 /* ContentView.swift in Sources */,
				8CF5CA3A2625264300ABEE88 /* ComplicationController.swift in Sources */,
				8CF5CA322625264300ABEE88 /* SwiftUIGaugeApp.swift in Sources */,
				8CF5CA382625264300ABEE88 /* NotificationView.swift in Sources */,
			);
			runOnlyForDeploymentPostprocessing = 0;
		};
/* End PBXSourcesBuildPhase section */

/* Begin PBXTargetDependency section */
		8CF5CA232625264000ABEE88 /* PBXTargetDependency */ = {
			isa = PBXTargetDependency;
			target = 8CF5CA1F2625264000ABEE88 /* SwiftUIGauge WatchKit App */;
			targetProxy = 8CF5CA222625264000ABEE88 /* PBXContainerItemProxy */;
		};
		8CF5CA2F2625264300ABEE88 /* PBXTargetDependency */ = {
			isa = PBXTargetDependency;
			target = 8CF5CA2B2625264300ABEE88 /* SwiftUIGauge WatchKit Extension */;
			targetProxy = 8CF5CA2E2625264300ABEE88 /* PBXContainerItemProxy */;
		};
/* End PBXTargetDependency section */

/* Begin XCBuildConfiguration section */
		8CF5CA422625264300ABEE88 /* Debug */ = {
			isa = XCBuildConfiguration;
			buildSettings = {
				ALWAYS_SEARCH_USER_PATHS = NO;
				CLANG_ANALYZER_NONNULL = YES;
				CLANG_ANALYZER_NUMBER_OBJECT_CONVERSION = YES_AGGRESSIVE;
				CLANG_CXX_LANGUAGE_STANDARD = "gnu++14";
				CLANG_CXX_LIBRARY = "libc++";
				CLANG_ENABLE_MODULES = YES;
				CLANG_ENABLE_OBJC_ARC = YES;
				CLANG_ENABLE_OBJC_WEAK = YES;
				CLANG_WARN_BLOCK_CAPTURE_AUTORELEASING = YES;
				CLANG_WARN_BOOL_CONVERSION = YES;
				CLANG_WARN_COMMA = YES;
				CLANG_WARN_CONSTANT_CONVERSION = YES;
				CLANG_WARN_DEPRECATED_OBJC_IMPLEMENTATIONS = YES;
				CLANG_WARN_DIRECT_OBJC_ISA_USAGE = YES_ERROR;
				CLANG_WARN_DOCUMENTATION_COMMENTS = YES;
				CLANG_WARN_EMPTY_BODY = YES;
				CLANG_WARN_ENUM_CONVERSION = YES;
				CLANG_WARN_INFINITE_RECURSION = YES;
				CLANG_WARN_INT_CONVERSION = YES;
				CLANG_WARN_NON_LITERAL_NULL_CONVERSION = YES;
				CLANG_WARN_OBJC_IMPLICIT_RETAIN_SELF = YES;
				CLANG_WARN_OBJC_LITERAL_CONVERSION = YES;
				CLANG_WARN_OBJC_ROOT_CLASS = YES_ERROR;
				CLANG_WARN_QUOTED_INCLUDE_IN_FRAMEWORK_HEADER = YES;
				CLANG_WARN_RANGE_LOOP_ANALYSIS = YES;
				CLANG_WARN_STRICT_PROTOTYPES = YES;
				CLANG_WARN_SUSPICIOUS_MOVE = YES;
				CLANG_WARN_UNGUARDED_AVAILABILITY = YES_AGGRESSIVE;
				CLANG_WARN_UNREACHABLE_CODE = YES;
				CLANG_WARN__DUPLICATE_METHOD_MATCH = YES;
				COPY_PHASE_STRIP = NO;
				DEBUG_INFORMATION_FORMAT = dwarf;
				ENABLE_STRICT_OBJC_MSGSEND = YES;
				ENABLE_TESTABILITY = YES;
				GCC_C_LANGUAGE_STANDARD = gnu11;
				GCC_DYNAMIC_NO_PIC = NO;
				GCC_NO_COMMON_BLOCKS = YES;
				GCC_OPTIMIZATION_LEVEL = 0;
				GCC_PREPROCESSOR_DEFINITIONS = (
					"DEBUG=1",
					"$(inherited)",
				);
				GCC_WARN_64_TO_32_BIT_CONVERSION = YES;
				GCC_WARN_ABOUT_RETURN_TYPE = YES_ERROR;
				GCC_WARN_UNDECLARED_SELECTOR = YES;
				GCC_WARN_UNINITIALIZED_AUTOS = YES_AGGRESSIVE;
				GCC_WARN_UNUSED_FUNCTION = YES;
				GCC_WARN_UNUSED_VARIABLE = YES;
				MTL_ENABLE_DEBUG_INFO = INCLUDE_SOURCE;
				MTL_FAST_MATH = YES;
				ONLY_ACTIVE_ARCH = YES;
				SDKROOT = iphoneos;
				SWIFT_ACTIVE_COMPILATION_CONDITIONS = DEBUG;
				SWIFT_OPTIMIZATION_LEVEL = "-Onone";
			};
			name = Debug;
		};
		8CF5CA432625264300ABEE88 /* Release */ = {
			isa = XCBuildConfiguration;
			buildSettings = {
				ALWAYS_SEARCH_USER_PATHS = NO;
				CLANG_ANALYZER_NONNULL = YES;
				CLANG_ANALYZER_NUMBER_OBJECT_CONVERSION = YES_AGGRESSIVE;
				CLANG_CXX_LANGUAGE_STANDARD = "gnu++14";
				CLANG_CXX_LIBRARY = "libc++";
				CLANG_ENABLE_MODULES = YES;
				CLANG_ENABLE_OBJC_ARC = YES;
				CLANG_ENABLE_OBJC_WEAK = YES;
				CLANG_WARN_BLOCK_CAPTURE_AUTORELEASING = YES;
				CLANG_WARN_BOOL_CONVERSION = YES;
				CLANG_WARN_COMMA = YES;
				CLANG_WARN_CONSTANT_CONVERSION = YES;
				CLANG_WARN_DEPRECATED_OBJC_IMPLEMENTATIONS = YES;
				CLANG_WARN_DIRECT_OBJC_ISA_USAGE = YES_ERROR;
				CLANG_WARN_DOCUMENTATION_COMMENTS = YES;
				CLANG_WARN_EMPTY_BODY = YES;
				CLANG_WARN_ENUM_CONVERSION = YES;
				CLANG_WARN_INFINITE_RECURSION = YES;
				CLANG_WARN_INT_CONVERSION = YES;
				CLANG_WARN_NON_LITERAL_NULL_CONVERSION = YES;
				CLANG_WARN_OBJC_IMPLICIT_RETAIN_SELF = YES;
				CLANG_WARN_OBJC_LITERAL_CONVERSION = YES;
				CLANG_WARN_OBJC_ROOT_CLASS = YES_ERROR;
				CLANG_WARN_QUOTED_INCLUDE_IN_FRAMEWORK_HEADER = YES;
				CLANG_WARN_RANGE_LOOP_ANALYSIS = YES;
				CLANG_WARN_STRICT_PROTOTYPES = YES;
				CLANG_WARN_SUSPICIOUS_MOVE = YES;
				CLANG_WARN_UNGUARDED_AVAILABILITY = YES_AGGRESSIVE;
				CLANG_WARN_UNREACHABLE_CODE = YES;
				CLANG_WARN__DUPLICATE_METHOD_MATCH = YES;
				COPY_PHASE_STRIP = NO;
				DEBUG_INFORMATION_FORMAT = "dwarf-with-dsym";
				ENABLE_NS_ASSERTIONS = NO;
				ENABLE_STRICT_OBJC_MSGSEND = YES;
				GCC_C_LANGUAGE_STANDARD = gnu11;
				GCC_NO_COMMON_BLOCKS = YES;
				GCC_WARN_64_TO_32_BIT_CONVERSION = YES;
				GCC_WARN_ABOUT_RETURN_TYPE = YES_ERROR;
				GCC_WARN_UNDECLARED_SELECTOR = YES;
				GCC_WARN_UNINITIALIZED_AUTOS = YES_AGGRESSIVE;
				GCC_WARN_UNUSED_FUNCTION = YES;
				GCC_WARN_UNUSED_VARIABLE = YES;
				MTL_ENABLE_DEBUG_INFO = NO;
				MTL_FAST_MATH = YES;
				SDKROOT = iphoneos;
				SWIFT_COMPILATION_MODE = wholemodule;
				SWIFT_OPTIMIZATION_LEVEL = "-O";
				VALIDATE_PRODUCT = YES;
			};
			name = Release;
		};
		8CF5CA452625264300ABEE88 /* Debug */ = {
			isa = XCBuildConfiguration;
			buildSettings = {
				ASSETCATALOG_COMPILER_COMPLICATION_NAME = Complication;
				CODE_SIGN_STYLE = Automatic;
				DEVELOPMENT_ASSET_PATHS = "\"SwiftUIGauge WatchKit Extension/Preview Content\"";
				DEVELOPMENT_TEAM = 734KS977K3;
				ENABLE_PREVIEWS = YES;
				INFOPLIST_FILE = "SwiftUIGauge WatchKit Extension/Info.plist";
				LD_RUNPATH_SEARCH_PATHS = (
					"$(inherited)",
					"@executable_path/Frameworks",
					"@executable_path/../../Frameworks",
				);
				PRODUCT_BUNDLE_IDENTIFIER = com.gyj.SwiftUIGauge.watchkitapp.watchkitextension;
				PRODUCT_NAME = "${TARGET_NAME}";
				SDKROOT = watchos;
				SKIP_INSTALL = YES;
				SWIFT_VERSION = 5.0;
				TARGETED_DEVICE_FAMILY = 4;
				WATCHOS_DEPLOYMENT_TARGET = 7.2;
			};
			name = Debug;
		};
		8CF5CA462625264300ABEE88 /* Release */ = {
			isa = XCBuildConfiguration;
			buildSettings = {
				ASSETCATALOG_COMPILER_COMPLICATION_NAME = Complication;
				CODE_SIGN_STYLE = Automatic;
				DEVELOPMENT_ASSET_PATHS = "\"SwiftUIGauge WatchKit Extension/Preview Content\"";
				DEVELOPMENT_TEAM = 734KS977K3;
				ENABLE_PREVIEWS = YES;
				INFOPLIST_FILE = "SwiftUIGauge WatchKit Extension/Info.plist";
				LD_RUNPATH_SEARCH_PATHS = (
					"$(inherited)",
					"@executable_path/Frameworks",
					"@executable_path/../../Frameworks",
				);
				PRODUCT_BUNDLE_IDENTIFIER = com.gyj.SwiftUIGauge.watchkitapp.watchkitextension;
				PRODUCT_NAME = "${TARGET_NAME}";
				SDKROOT = watchos;
				SKIP_INSTALL = YES;
				SWIFT_VERSION = 5.0;
				TARGETED_DEVICE_FAMILY = 4;
				WATCHOS_DEPLOYMENT_TARGET = 7.2;
			};
			name = Release;
		};
		8CF5CA492625264300ABEE88 /* Debug */ = {
			isa = XCBuildConfiguration;
			buildSettings = {
				ALWAYS_EMBED_SWIFT_STANDARD_LIBRARIES = YES;
				ASSETCATALOG_COMPILER_APPICON_NAME = AppIcon;
				ASSETCATALOG_COMPILER_GLOBAL_ACCENT_COLOR_NAME = AccentColor;
				CODE_SIGN_STYLE = Automatic;
				DEVELOPMENT_TEAM = 734KS977K3;
				IBSC_MODULE = SwiftUIGauge_WatchKit_Extension;
				INFOPLIST_FILE = "SwiftUIGauge WatchKit App/Info.plist";
				PRODUCT_BUNDLE_IDENTIFIER = com.gyj.SwiftUIGauge.watchkitapp;
				PRODUCT_NAME = "$(TARGET_NAME)";
				SDKROOT = watchos;
				SKIP_INSTALL = YES;
				SWIFT_VERSION = 5.0;
				TARGETED_DEVICE_FAMILY = 4;
				WATCHOS_DEPLOYMENT_TARGET = 7.2;
			};
			name = Debug;
		};
		8CF5CA4A2625264300ABEE88 /* Release */ = {
			isa = XCBuildConfiguration;
			buildSettings = {
				ALWAYS_EMBED_SWIFT_STANDARD_LIBRARIES = YES;
				ASSETCATALOG_COMPILER_APPICON_NAME = AppIcon;
				ASSETCATALOG_COMPILER_GLOBAL_ACCENT_COLOR_NAME = AccentColor;
				CODE_SIGN_STYLE = Automatic;
				DEVELOPMENT_TEAM = 734KS977K3;
				IBSC_MODULE = SwiftUIGauge_WatchKit_Extension;
				INFOPLIST_FILE = "SwiftUIGauge WatchKit App/Info.plist";
				PRODUCT_BUNDLE_IDENTIFIER = com.gyj.SwiftUIGauge.watchkitapp;
				PRODUCT_NAME = "$(TARGET_NAME)";
				SDKROOT = watchos;
				SKIP_INSTALL = YES;
				SWIFT_VERSION = 5.0;
				TARGETED_DEVICE_FAMILY = 4;
				WATCHOS_DEPLOYMENT_TARGET = 7.2;
			};
			name = Release;
		};
		8CF5CA4D2625264300ABEE88 /* Debug */ = {
			isa = XCBuildConfiguration;
			buildSettings = {
				CODE_SIGN_STYLE = Automatic;
				CURRENT_PROJECT_VERSION = 1;
				DEVELOPMENT_TEAM = 734KS977K3;
				MARKETING_VERSION = 1.0;
				PRODUCT_BUNDLE_IDENTIFIER = com.gyj.SwiftUIGauge;
				PRODUCT_NAME = "$(TARGET_NAME)";
				SWIFT_VERSION = 5.0;
			};
			name = Debug;
		};
		8CF5CA4E2625264300ABEE88 /* Release */ = {
			isa = XCBuildConfiguration;
			buildSettings = {
				CODE_SIGN_STYLE = Automatic;
				CURRENT_PROJECT_VERSION = 1;
				DEVELOPMENT_TEAM = 734KS977K3;
				MARKETING_VERSION = 1.0;
				PRODUCT_BUNDLE_IDENTIFIER = com.gyj.SwiftUIGauge;
				PRODUCT_NAME = "$(TARGET_NAME)";
				SWIFT_VERSION = 5.0;
			};
			name = Release;
		};
/* End XCBuildConfiguration section */

/* Begin XCConfigurationList section */
		8CF5CA192625264000ABEE88 /* Build configuration list for PBXProject "SwiftUIGauge" */ = {
			isa = XCConfigurationList;
			buildConfigurations = (
				8CF5CA422625264300ABEE88 /* Debug */,
				8CF5CA432625264300ABEE88 /* Release */,
			);
			defaultConfigurationIsVisible = 0;
			defaultConfigurationName = Release;
		};
		8CF5CA442625264300ABEE88 /* Build configuration list for PBXNativeTarget "SwiftUIGauge WatchKit Extension" */ = {
			isa = XCConfigurationList;
			buildConfigurations = (
				8CF5CA452625264300ABEE88 /* Debug */,
				8CF5CA462625264300ABEE88 /* Release */,
			);
			defaultConfigurationIsVisible = 0;
			defaultConfigurationName = Release;
		};
		8CF5CA482625264300ABEE88 /* Build configuration list for PBXNativeTarget "SwiftUIGauge WatchKit App" */ = {
			isa = XCConfigurationList;
			buildConfigurations = (
				8CF5CA492625264300ABEE88 /* Debug */,
				8CF5CA4A2625264300ABEE88 /* Release */,
			);
			defaultConfigurationIsVisible = 0;
			defaultConfigurationName = Release;
		};
		8CF5CA4C2625264300ABEE88 /* Build configuration list for PBXNativeTarget "SwiftUIGauge" */ = {
			isa = XCConfigurationList;
			buildConfigurations = (
				8CF5CA4D2625264300ABEE88 /* Debug */,
				8CF5CA4E2625264300ABEE88 /* Release */,
			);
			defaultConfigurationIsVisible = 0;
			defaultConfigurationName = Release;
		};
/* End XCConfigurationList section */
	};
	rootObject = 8CF5CA162625264000ABEE88 /* Project object */;
}
