// !$*UTF8*$!
{
	archiveVersion = 1;
	classes = {
	};
	objectVersion = 50;
	objects = {

/* Begin PBXBuildFile section */
		8CB000292660DCE5004D88EB /* DadJokesRealsiesApp.swift in Sources */ = {isa = PBXBuildFile; fileRef = 8CB000282660DCE5004D88EB /* DadJokesRealsiesApp.swift */; };
		8CB0002B2660DCE5004D88EB /* ContentView.swift in Sources */ = {isa = PBXBuildFile; fileRef = 8CB0002A2660DCE5004D88EB /* ContentView.swift */; };
		8CB0002D2660DCE6004D88EB /* Assets.xcassets in Resources */ = {isa = PBXBuildFile; fileRef = 8CB0002C2660DCE6004D88EB /* Assets.xcassets */; };
		8CB000302660DCE6004D88EB /* Preview Assets.xcassets in Resources */ = {isa = PBXBuildFile; fileRef = 8CB0002F2660DCE6004D88EB /* Preview Assets.xcassets */; };
		8CB0003B2660DEDC004D88EB /* Joke+CoreDataProperties.swift in Sources */ = {isa = PBXBuildFile; fileRef = 8CB0FFB92660CDFF004D88EB /* Joke+CoreDataProperties.swift */; };
		8CB0003C2660DEDC004D88EB /* Joke+CoreDataClass.swift in Sources */ = {isa = PBXBuildFile; fileRef = 8CB0FFB82660CDFF004D88EB /* Joke+CoreDataClass.swift */; };
		8CB0003D2660DEF8004D88EB /* EmojiView.swift in Sources */ = {isa = PBXBuildFile; fileRef = 8CB0FFB62660C821004D88EB /* EmojiView.swift */; };
		8CB0003E2660DEFE004D88EB /* DadJokes.xcdatamodeld in Sources */ = {isa = PBXBuildFile; fileRef = 8CB0FFAD2660C41F004D88EB /* DadJokes.xcdatamodeld */; };
		8CB0003F2660DF11004D88EB /* Persistence.swift in Sources */ = {isa = PBXBuildFile; fileRef = 8CB0FFDC2660CFFB004D88EB /* Persistence.swift */; };
		8CB000402660DF46004D88EB /* AddView.swift in Sources */ = {isa = PBXBuildFile; fileRef = 8CB0FFDE2660D0A0004D88EB /* AddView.swift */; };
		8CB000422660E4CF004D88EB /* JokeCard.swift in Sources */ = {isa = PBXBuildFile; fileRef = 8CB000412660E4CF004D88EB /* JokeCard.swift */; };
		8CB0FFA32660C41F004D88EB /* DadJokesApp.swift in Sources */ = {isa = PBXBuildFile; fileRef = 8CB0FFA22660C41F004D88EB /* DadJokesApp.swift */; };
		8CB0FFA52660C41F004D88EB /* ContentView.swift in Sources */ = {isa = PBXBuildFile; fileRef = 8CB0FFA42660C41F004D88EB /* ContentView.swift */; };
		8CB0FFA72660C41F004D88EB /* Assets.xcassets in Resources */ = {isa = PBXBuildFile; fileRef = 8CB0FFA62660C41F004D88EB /* Assets.xcassets */; };
		8CB0FFAA2660C41F004D88EB /* Preview Assets.xcassets in Resources */ = {isa = PBXBuildFile; fileRef = 8CB0FFA92660C41F004D88EB /* Preview Assets.xcassets */; };
		8CB0FFAF2660C41F004D88EB /* DadJokes.xcdatamodeld in Sources */ = {isa = PBXBuildFile; fileRef = 8CB0FFAD2660C41F004D88EB /* DadJokes.xcdatamodeld */; };
		8CB0FFB72660C821004D88EB /* EmojiView.swift in Sources */ = {isa = PBXBuildFile; fileRef = 8CB0FFB62660C821004D88EB /* EmojiView.swift */; };
		8CB0FFBA2660CDFF004D88EB /* Joke+CoreDataClass.swift in Sources */ = {isa = PBXBuildFile; fileRef = 8CB0FFB82660CDFF004D88EB /* Joke+CoreDataClass.swift */; };
		8CB0FFBB2660CDFF004D88EB /* Joke+CoreDataProperties.swift in Sources */ = {isa = PBXBuildFile; fileRef = 8CB0FFB92660CDFF004D88EB /* Joke+CoreDataProperties.swift */; };
		8CB0FFDD2660CFFB004D88EB /* Persistence.swift in Sources */ = {isa = PBXBuildFile; fileRef = 8CB0FFDC2660CFFB004D88EB /* Persistence.swift */; };
		8CB0FFDF2660D0A0004D88EB /* AddView.swift in Sources */ = {isa = PBXBuildFile; fileRef = 8CB0FFDE2660D0A0004D88EB /* AddView.swift */; };
/* End PBXBuildFile section */

/* Begin PBXFileReference section */
		8CB000262660DCE5004D88EB /* DadJokesRealsies.app */ = {isa = PBXFileReference; explicitFileType = wrapper.application; includeInIndex = 0; path = DadJokesRealsies.app; sourceTree = BUILT_PRODUCTS_DIR; };
		8CB000282660DCE5004D88EB /* DadJokesRealsiesApp.swift */ = {isa = PBXFileReference; lastKnownFileType = sourcecode.swift; path = DadJokesRealsiesApp.swift; sourceTree = "<group>"; };
		8CB0002A2660DCE5004D88EB /* ContentView.swift */ = {isa = PBXFileReference; lastKnownFileType = sourcecode.swift; path = ContentView.swift; sourceTree = "<group>"; };
		8CB0002C2660DCE6004D88EB /* Assets.xcassets */ = {isa = PBXFileReference; lastKnownFileType = folder.assetcatalog; path = Assets.xcassets; sourceTree = "<group>"; };
		8CB0002F2660DCE6004D88EB /* Preview Assets.xcassets */ = {isa = PBXFileReference; lastKnownFileType = folder.assetcatalog; path = "Preview Assets.xcassets"; sourceTree = "<group>"; };
		8CB000362660DCE6004D88EB /* Info.plist */ = {isa = PBXFileReference; lastKnownFileType = text.plist.xml; path = Info.plist; sourceTree = "<group>"; };
		8CB000372660DCE6004D88EB /* DadJokesRealsies.entitlements */ = {isa = PBXFileReference; lastKnownFileType = text.plist.entitlements; path = DadJokesRealsies.entitlements; sourceTree = "<group>"; };
		8CB000412660E4CF004D88EB /* JokeCard.swift */ = {isa = PBXFileReference; lastKnownFileType = sourcecode.swift; path = JokeCard.swift; sourceTree = "<group>"; };
		8CB0FF9F2660C41F004D88EB /* DadJokes.app */ = {isa = PBXFileReference; explicitFileType = wrapper.application; includeInIndex = 0; path = DadJokes.app; sourceTree = BUILT_PRODUCTS_DIR; };
		8CB0FFA22660C41F004D88EB /* DadJokesApp.swift */ = {isa = PBXFileReference; lastKnownFileType = sourcecode.swift; path = DadJokesApp.swift; sourceTree = "<group>"; };
		8CB0FFA42660C41F004D88EB /* ContentView.swift */ = {isa = PBXFileReference; lastKnownFileType = sourcecode.swift; path = ContentView.swift; sourceTree = "<group>"; };
		8CB0FFA62660C41F004D88EB /* Assets.xcassets */ = {isa = PBXFileReference; lastKnownFileType = folder.assetcatalog; path = Assets.xcassets; sourceTree = "<group>"; };
		8CB0FFA92660C41F004D88EB /* Preview Assets.xcassets */ = {isa = PBXFileReference; lastKnownFileType = folder.assetcatalog; path = "Preview Assets.xcassets"; sourceTree = "<group>"; };
		8CB0FFAE2660C41F004D88EB /* DadJokes.xcdatamodel */ = {isa = PBXFileReference; lastKnownFileType = wrapper.xcdatamodel; path = DadJokes.xcdatamodel; sourceTree = "<group>"; };
		8CB0FFB02660C41F004D88EB /* Info.plist */ = {isa = PBXFileReference; lastKnownFileType = text.plist.xml; path = Info.plist; sourceTree = "<group>"; };
		8CB0FFB62660C821004D88EB /* EmojiView.swift */ = {isa = PBXFileReference; lastKnownFileType = sourcecode.swift; path = EmojiView.swift; sourceTree = "<group>"; };
		8CB0FFB82660CDFF004D88EB /* Joke+CoreDataClass.swift */ = {isa = PBXFileReference; lastKnownFileType = sourcecode.swift; path = "Joke+CoreDataClass.swift"; sourceTree = "<group>"; };
		8CB0FFB92660CDFF004D88EB /* Joke+CoreDataProperties.swift */ = {isa = PBXFileReference; lastKnownFileType = sourcecode.swift; path = "Joke+CoreDataProperties.swift"; sourceTree = "<group>"; };
		8CB0FFDC2660CFFB004D88EB /* Persistence.swift */ = {isa = PBXFileReference; fileEncoding = 4; lastKnownFileType = sourcecode.swift; path = Persistence.swift; sourceTree = "<group>"; };
		8CB0FFDE2660D0A0004D88EB /* AddView.swift */ = {isa = PBXFileReference; lastKnownFileType = sourcecode.swift; path = AddView.swift; sourceTree = "<group>"; };
		8CB0FFE02660D9A9004D88EB /* DadJokes.entitlements */ = {isa = PBXFileReference; lastKnownFileType = text.plist.entitlements; path = DadJokes.entitlements; sourceTree = "<group>"; };
/* End PBXFileReference section */

/* Begin PBXFrameworksBuildPhase section */
		8CB000232660DCE5004D88EB /* Frameworks */ = {
			isa = PBXFrameworksBuildPhase;
			buildActionMask = 2147483647;
			files = (
			);
			runOnlyForDeploymentPostprocessing = 0;
		};
		8CB0FF9C2660C41F004D88EB /* Frameworks */ = {
			isa = PBXFrameworksBuildPhase;
			buildActionMask = 2147483647;
			files = (
			);
			runOnlyForDeploymentPostprocessing = 0;
		};
/* End PBXFrameworksBuildPhase section */

/* Begin PBXGroup section */
		8CB000272660DCE5004D88EB /* DadJokesRealsies */ = {
			isa = PBXGroup;
			children = (
				8CB000282660DCE5004D88EB /* DadJokesRealsiesApp.swift */,
				8CB0002A2660DCE5004D88EB /* ContentView.swift */,
				8CB0002C2660DCE6004D88EB /* Assets.xcassets */,
				8CB000362660DCE6004D88EB /* Info.plist */,
				8CB000372660DCE6004D88EB /* DadJokesRealsies.entitlements */,
				8CB0002E2660DCE6004D88EB /* Preview Content */,
			);
			path = DadJokesRealsies;
			sourceTree = "<group>";
		};
		8CB0002E2660DCE6004D88EB /* Preview Content */ = {
			isa = PBXGroup;
			children = (
				8CB0002F2660DCE6004D88EB /* Preview Assets.xcassets */,
			);
			path = "Preview Content";
			sourceTree = "<group>";
		};
		8CB0FF962660C41F004D88EB = {
			isa = PBXGroup;
			children = (
				8CB0FFA12660C41F004D88EB /* DadJokes */,
				8CB000272660DCE5004D88EB /* DadJokesRealsies */,
				8CB0FFA02660C41F004D88EB /* Products */,
			);
			sourceTree = "<group>";
		};
		8CB0FFA02660C41F004D88EB /* Products */ = {
			isa = PBXGroup;
			children = (
				8CB0FF9F2660C41F004D88EB /* DadJokes.app */,
				8CB000262660DCE5004D88EB /* DadJokesRealsies.app */,
			);
			name = Products;
			sourceTree = "<group>";
		};
		8CB0FFA12660C41F004D88EB /* DadJokes */ = {
			isa = PBXGroup;
			children = (
				8CB0FFE02660D9A9004D88EB /* DadJokes.entitlements */,
				8CB0FFB82660CDFF004D88EB /* Joke+CoreDataClass.swift */,
				8CB0FFB92660CDFF004D88EB /* Joke+CoreDataProperties.swift */,
				8CB0FFA22660C41F004D88EB /* DadJokesApp.swift */,
				8CB0FFA42660C41F004D88EB /* ContentView.swift */,
				8CB000412660E4CF004D88EB /* JokeCard.swift */,
				8CB0FFB62660C821004D88EB /* EmojiView.swift */,
				8CB0FFDE2660D0A0004D88EB /* AddView.swift */,
				8CB0FFDC2660CFFB004D88EB /* Persistence.swift */,
				8CB0FFA62660C41F004D88EB /* Assets.xcassets */,
				8CB0FFB02660C41F004D88EB /* Info.plist */,
				8CB0FFAD2660C41F004D88EB /* DadJokes.xcdatamodeld */,
				8CB0FFA82660C41F004D88EB /* Preview Content */,
			);
			path = DadJokes;
			sourceTree = "<group>";
		};
		8CB0FFA82660C41F004D88EB /* Preview Content */ = {
			isa = PBXGroup;
			children = (
				8CB0FFA92660C41F004D88EB /* Preview Assets.xcassets */,
			);
			path = "Preview Content";
			sourceTree = "<group>";
		};
/* End PBXGroup section */

/* Begin PBXNativeTarget section */
		8CB000252660DCE5004D88EB /* DadJokesRealsies */ = {
			isa = PBXNativeTarget;
			buildConfigurationList = 8CB000382660DCE6004D88EB /* Build configuration list for PBXNativeTarget "DadJokesRealsies" */;
			buildPhases = (
				8CB000222660DCE5004D88EB /* Sources */,
				8CB000232660DCE5004D88EB /* Frameworks */,
				8CB000242660DCE5004D88EB /* Resources */,
			);
			buildRules = (
			);
			dependencies = (
			);
			name = DadJokesRealsies;
			productName = DadJokesRealsies;
			productReference = 8CB000262660DCE5004D88EB /* DadJokesRealsies.app */;
			productType = "com.apple.product-type.application";
		};
		8CB0FF9E2660C41F004D88EB /* DadJokes */ = {
			isa = PBXNativeTarget;
			buildConfigurationList = 8CB0FFB32660C41F004D88EB /* Build configuration list for PBXNativeTarget "DadJokes" */;
			buildPhases = (
				8CB0FF9B2660C41F004D88EB /* Sources */,
				8CB0FF9C2660C41F004D88EB /* Frameworks */,
				8CB0FF9D2660C41F004D88EB /* Resources */,
			);
			buildRules = (
			);
			dependencies = (
			);
			name = DadJokes;
			productName = DadJokes;
			productReference = 8CB0FF9F2660C41F004D88EB /* DadJokes.app */;
			productType = "com.apple.product-type.application";
		};
/* End PBXNativeTarget section */

/* Begin PBXProject section */
		8CB0FF972660C41F004D88EB /* Project object */ = {
			isa = PBXProject;
			attributes = {
				LastSwiftUpdateCheck = 1250;
				LastUpgradeCheck = 1250;
				TargetAttributes = {
					8CB000252660DCE5004D88EB = {
						CreatedOnToolsVersion = 12.5;
					};
					8CB0FF9E2660C41F004D88EB = {
						CreatedOnToolsVersion = 12.5;
					};
				};
			};
			buildConfigurationList = 8CB0FF9A2660C41F004D88EB /* Build configuration list for PBXProject "DadJokes" */;
			compatibilityVersion = "Xcode 9.3";
			developmentRegion = en;
			hasScannedForEncodings = 0;
			knownRegions = (
				en,
				Base,
			);
			mainGroup = 8CB0FF962660C41F004D88EB;
			productRefGroup = 8CB0FFA02660C41F004D88EB /* Products */;
			projectDirPath = "";
			projectRoot = "";
			targets = (
				8CB0FF9E2660C41F004D88EB /* DadJokes */,
				8CB000252660DCE5004D88EB /* DadJokesRealsies */,
			);
		};
/* End PBXProject section */

/* Begin PBXResourcesBuildPhase section */
		8CB000242660DCE5004D88EB /* Resources */ = {
			isa = PBXResourcesBuildPhase;
			buildActionMask = 2147483647;
			files = (
				8CB000302660DCE6004D88EB /* Preview Assets.xcassets in Resources */,
				8CB0002D2660DCE6004D88EB /* Assets.xcassets in Resources */,
			);
			runOnlyForDeploymentPostprocessing = 0;
		};
		8CB0FF9D2660C41F004D88EB /* Resources */ = {
			isa = PBXResourcesBuildPhase;
			buildActionMask = 2147483647;
			files = (
				8CB0FFAA2660C41F004D88EB /* Preview Assets.xcassets in Resources */,
				8CB0FFA72660C41F004D88EB /* Assets.xcassets in Resources */,
			);
			runOnlyForDeploymentPostprocessing = 0;
		};
/* End PBXResourcesBuildPhase section */

/* Begin PBXSourcesBuildPhase section */
		8CB000222660DCE5004D88EB /* Sources */ = {
			isa = PBXSourcesBuildPhase;
			buildActionMask = 2147483647;
			files = (
				8CB0003C2660DEDC004D88EB /* Joke+CoreDataClass.swift in Sources */,
				8CB0003E2660DEFE004D88EB /* DadJokes.xcdatamodeld in Sources */,
				8CB0003B2660DEDC004D88EB /* Joke+CoreDataProperties.swift in Sources */,
				8CB0003F2660DF11004D88EB /* Persistence.swift in Sources */,
				8CB000402660DF46004D88EB /* AddView.swift in Sources */,
				8CB0003D2660DEF8004D88EB /* EmojiView.swift in Sources */,
				8CB0002B2660DCE5004D88EB /* ContentView.swift in Sources */,
				8CB000292660DCE5004D88EB /* DadJokesRealsiesApp.swift in Sources */,
			);
			runOnlyForDeploymentPostprocessing = 0;
		};
		8CB0FF9B2660C41F004D88EB /* Sources */ = {
			isa = PBXSourcesBuildPhase;
			buildActionMask = 2147483647;
			files = (
				8CB0FFBA2660CDFF004D88EB /* Joke+CoreDataClass.swift in Sources */,
				8CB000422660E4CF004D88EB /* JokeCard.swift in Sources */,
				8CB0FFA52660C41F004D88EB /* ContentView.swift in Sources */,
				8CB0FFAF2660C41F004D88EB /* DadJokes.xcdatamodeld in Sources */,
				8CB0FFDD2660CFFB004D88EB /* Persistence.swift in Sources */,
				8CB0FFDF2660D0A0004D88EB /* AddView.swift in Sources */,
				8CB0FFA32660C41F004D88EB /* DadJokesApp.swift in Sources */,
				8CB0FFB72660C821004D88EB /* EmojiView.swift in Sources */,
				8CB0FFBB2660CDFF004D88EB /* Joke+CoreDataProperties.swift in Sources */,
			);
			runOnlyForDeploymentPostprocessing = 0;
		};
/* End PBXSourcesBuildPhase section */

/* Begin XCBuildConfiguration section */
		8CB000392660DCE6004D88EB /* Debug */ = {
			isa = XCBuildConfiguration;
			buildSettings = {
				ASSETCATALOG_COMPILER_APPICON_NAME = AppIcon;
				ASSETCATALOG_COMPILER_GLOBAL_ACCENT_COLOR_NAME = AccentColor;
				CODE_SIGN_ENTITLEMENTS = DadJokesRealsies/DadJokesRealsies.entitlements;
				CODE_SIGN_STYLE = Automatic;
				COMBINE_HIDPI_IMAGES = YES;
				DEVELOPMENT_ASSET_PATHS = "\"DadJokesRealsies/Preview Content\"";
				DEVELOPMENT_TEAM = 2JBJG97976;
				ENABLE_HARDENED_RUNTIME = YES;
				ENABLE_PREVIEWS = YES;
				INFOPLIST_FILE = DadJokesRealsies/Info.plist;
				LD_RUNPATH_SEARCH_PATHS = (
					"$(inherited)",
					"@executable_path/../Frameworks",
				);
				MACOSX_DEPLOYMENT_TARGET = 11.3;
				PRODUCT_BUNDLE_IDENTIFIER = com.lanch.DadJokesRealsies;
				PRODUCT_NAME = "$(TARGET_NAME)";
				SDKROOT = macosx;
				SWIFT_VERSION = 5.0;
			};
			name = Debug;
		};
		8CB0003A2660DCE6004D88EB /* Release */ = {
			isa = XCBuildConfiguration;
			buildSettings = {
				ASSETCATALOG_COMPILER_APPICON_NAME = AppIcon;
				ASSETCATALOG_COMPILER_GLOBAL_ACCENT_COLOR_NAME = AccentColor;
				CODE_SIGN_ENTITLEMENTS = DadJokesRealsies/DadJokesRealsies.entitlements;
				CODE_SIGN_STYLE = Automatic;
				COMBINE_HIDPI_IMAGES = YES;
				DEVELOPMENT_ASSET_PATHS = "\"DadJokesRealsies/Preview Content\"";
				DEVELOPMENT_TEAM = 2JBJG97976;
				ENABLE_HARDENED_RUNTIME = YES;
				ENABLE_PREVIEWS = YES;
				INFOPLIST_FILE = DadJokesRealsies/Info.plist;
				LD_RUNPATH_SEARCH_PATHS = (
					"$(inherited)",
					"@executable_path/../Frameworks",
				);
				MACOSX_DEPLOYMENT_TARGET = 11.3;
				PRODUCT_BUNDLE_IDENTIFIER = com.lanch.DadJokesRealsies;
				PRODUCT_NAME = "$(TARGET_NAME)";
				SDKROOT = macosx;
				SWIFT_VERSION = 5.0;
			};
			name = Release;
		};
		8CB0FFB12660C41F004D88EB /* Debug */ = {
			isa = XCBuildConfiguration;
			buildSettings = {
				ALWAYS_SEARCH_USER_PATHS = NO;
				CLANG_ANALYZER_NONNULL = YES;
				CLANG_ANALYZER_NUMBER_OBJECT_CONVERSION = YES_AGGRESSIVE;
				CLANG_CXX_LANGUAGE_STANDARD = "gnu++14";
				CLANG_CXX_LIBRARY = "libc++";
				CLANG_ENABLE_MODULES = YES;
				CLANG_ENABLE_OBJC_ARC = YES;
				CLANG_ENABLE_OBJC_WEAK = YES;
				CLANG_WARN_BLOCK_CAPTURE_AUTORELEASING = YES;
				CLANG_WARN_BOOL_CONVERSION = YES;
				CLANG_WARN_COMMA = YES;
				CLANG_WARN_CONSTANT_CONVERSION = YES;
				CLANG_WARN_DEPRECATED_OBJC_IMPLEMENTATIONS = YES;
				CLANG_WARN_DIRECT_OBJC_ISA_USAGE = YES_ERROR;
				CLANG_WARN_DOCUMENTATION_COMMENTS = YES;
				CLANG_WARN_EMPTY_BODY = YES;
				CLANG_WARN_ENUM_CONVERSION = YES;
				CLANG_WARN_INFINITE_RECURSION = YES;
				CLANG_WARN_INT_CONVERSION = YES;
				CLANG_WARN_NON_LITERAL_NULL_CONVERSION = YES;
				CLANG_WARN_OBJC_IMPLICIT_RETAIN_SELF = YES;
				CLANG_WARN_OBJC_LITERAL_CONVERSION = YES;
				CLANG_WARN_OBJC_ROOT_CLASS = YES_ERROR;
				CLANG_WARN_QUOTED_INCLUDE_IN_FRAMEWORK_HEADER = YES;
				CLANG_WARN_RANGE_LOOP_ANALYSIS = YES;
				CLANG_WARN_STRICT_PROTOTYPES = YES;
				CLANG_WARN_SUSPICIOUS_MOVE = YES;
				CLANG_WARN_UNGUARDED_AVAILABILITY = YES_AGGRESSIVE;
				CLANG_WARN_UNREACHABLE_CODE = YES;
				CLANG_WARN__DUPLICATE_METHOD_MATCH = YES;
				COPY_PHASE_STRIP = NO;
				DEBUG_INFORMATION_FORMAT = dwarf;
				ENABLE_STRICT_OBJC_MSGSEND = YES;
				ENABLE_TESTABILITY = YES;
				GCC_C_LANGUAGE_STANDARD = gnu11;
				GCC_DYNAMIC_NO_PIC = NO;
				GCC_NO_COMMON_BLOCKS = YES;
				GCC_OPTIMIZATION_LEVEL = 0;
				GCC_PREPROCESSOR_DEFINITIONS = (
					"DEBUG=1",
					"$(inherited)",
				);
				GCC_WARN_64_TO_32_BIT_CONVERSION = YES;
				GCC_WARN_ABOUT_RETURN_TYPE = YES_ERROR;
				GCC_WARN_UNDECLARED_SELECTOR = YES;
				GCC_WARN_UNINITIALIZED_AUTOS = YES_AGGRESSIVE;
				GCC_WARN_UNUSED_FUNCTION = YES;
				GCC_WARN_UNUSED_VARIABLE = YES;
				IPHONEOS_DEPLOYMENT_TARGET = 14.5;
				MTL_ENABLE_DEBUG_INFO = INCLUDE_SOURCE;
				MTL_FAST_MATH = YES;
				ONLY_ACTIVE_ARCH = YES;
				SDKROOT = iphoneos;
				SWIFT_ACTIVE_COMPILATION_CONDITIONS = DEBUG;
				SWIFT_OPTIMIZATION_LEVEL = "-Onone";
			};
			name = Debug;
		};
		8CB0FFB22660C41F004D88EB /* Release */ = {
			isa = XCBuildConfiguration;
			buildSettings = {
				ALWAYS_SEARCH_USER_PATHS = NO;
				CLANG_ANALYZER_NONNULL = YES;
				CLANG_ANALYZER_NUMBER_OBJECT_CONVERSION = YES_AGGRESSIVE;
				CLANG_CXX_LANGUAGE_STANDARD = "gnu++14";
				CLANG_CXX_LIBRARY = "libc++";
				CLANG_ENABLE_MODULES = YES;
				CLANG_ENABLE_OBJC_ARC = YES;
				CLANG_ENABLE_OBJC_WEAK = YES;
				CLANG_WARN_BLOCK_CAPTURE_AUTORELEASING = YES;
				CLANG_WARN_BOOL_CONVERSION = YES;
				CLANG_WARN_COMMA = YES;
				CLANG_WARN_CONSTANT_CONVERSION = YES;
				CLANG_WARN_DEPRECATED_OBJC_IMPLEMENTATIONS = YES;
				CLANG_WARN_DIRECT_OBJC_ISA_USAGE = YES_ERROR;
				CLANG_WARN_DOCUMENTATION_COMMENTS = YES;
				CLANG_WARN_EMPTY_BODY = YES;
				CLANG_WARN_ENUM_CONVERSION = YES;
				CLANG_WARN_INFINITE_RECURSION = YES;
				CLANG_WARN_INT_CONVERSION = YES;
				CLANG_WARN_NON_LITERAL_NULL_CONVERSION = YES;
				CLANG_WARN_OBJC_IMPLICIT_RETAIN_SELF = YES;
				CLANG_WARN_OBJC_LITERAL_CONVERSION = YES;
				CLANG_WARN_OBJC_ROOT_CLASS = YES_ERROR;
				CLANG_WARN_QUOTED_INCLUDE_IN_FRAMEWORK_HEADER = YES;
				CLANG_WARN_RANGE_LOOP_ANALYSIS = YES;
				CLANG_WARN_STRICT_PROTOTYPES = YES;
				CLANG_WARN_SUSPICIOUS_MOVE = YES;
				CLANG_WARN_UNGUARDED_AVAILABILITY = YES_AGGRESSIVE;
				CLANG_WARN_UNREACHABLE_CODE = YES;
				CLANG_WARN__DUPLICATE_METHOD_MATCH = YES;
				COPY_PHASE_STRIP = NO;
				DEBUG_INFORMATION_FORMAT = "dwarf-with-dsym";
				ENABLE_NS_ASSERTIONS = NO;
				ENABLE_STRICT_OBJC_MSGSEND = YES;
				GCC_C_LANGUAGE_STANDARD = gnu11;
				GCC_NO_COMMON_BLOCKS = YES;
				GCC_WARN_64_TO_32_BIT_CONVERSION = YES;
				GCC_WARN_ABOUT_RETURN_TYPE = YES_ERROR;
				GCC_WARN_UNDECLARED_SELECTOR = YES;
				GCC_WARN_UNINITIALIZED_AUTOS = YES_AGGRESSIVE;
				GCC_WARN_UNUSED_FUNCTION = YES;
				GCC_WARN_UNUSED_VARIABLE = YES;
				IPHONEOS_DEPLOYMENT_TARGET = 14.5;
				MTL_ENABLE_DEBUG_INFO = NO;
				MTL_FAST_MATH = YES;
				SDKROOT = iphoneos;
				SWIFT_COMPILATION_MODE = wholemodule;
				SWIFT_OPTIMIZATION_LEVEL = "-O";
				VALIDATE_PRODUCT = YES;
			};
			name = Release;
		};
		8CB0FFB42660C41F004D88EB /* Debug */ = {
			isa = XCBuildConfiguration;
			buildSettings = {
				ASSETCATALOG_COMPILER_APPICON_NAME = AppIcon;
				ASSETCATALOG_COMPILER_GLOBAL_ACCENT_COLOR_NAME = AccentColor;
				CODE_SIGN_ENTITLEMENTS = DadJokes/DadJokes.entitlements;
				CODE_SIGN_STYLE = Automatic;
				DEVELOPMENT_ASSET_PATHS = "\"DadJokes/Preview Content\"";
				DEVELOPMENT_TEAM = 2JBJG97976;
				ENABLE_PREVIEWS = YES;
				INFOPLIST_FILE = DadJokes/Info.plist;
				IPHONEOS_DEPLOYMENT_TARGET = 14.0;
				LD_RUNPATH_SEARCH_PATHS = (
					"$(inherited)",
					"@executable_path/Frameworks",
				);
				PRODUCT_BUNDLE_IDENTIFIER = com.lanch.DadJokes;
				PRODUCT_NAME = "$(TARGET_NAME)";
				SUPPORTS_MACCATALYST = YES;
				SWIFT_VERSION = 5.0;
				TARGETED_DEVICE_FAMILY = "1,2";
			};
			name = Debug;
		};
		8CB0FFB52660C41F004D88EB /* Release */ = {
			isa = XCBuildConfiguration;
			buildSettings = {
				ASSETCATALOG_COMPILER_APPICON_NAME = AppIcon;
				ASSETCATALOG_COMPILER_GLOBAL_ACCENT_COLOR_NAME = AccentColor;
				CODE_SIGN_ENTITLEMENTS = DadJokes/DadJokes.entitlements;
				CODE_SIGN_STYLE = Automatic;
				DEVELOPMENT_ASSET_PATHS = "\"DadJokes/Preview Content\"";
				DEVELOPMENT_TEAM = 2JBJG97976;
				ENABLE_PREVIEWS = YES;
				INFOPLIST_FILE = DadJokes/Info.plist;
				IPHONEOS_DEPLOYMENT_TARGET = 14.0;
				LD_RUNPATH_SEARCH_PATHS = (
					"$(inherited)",
					"@executable_path/Frameworks",
				);
				PRODUCT_BUNDLE_IDENTIFIER = com.lanch.DadJokes;
				PRODUCT_NAME = "$(TARGET_NAME)";
				SUPPORTS_MACCATALYST = YES;
				SWIFT_VERSION = 5.0;
				TARGETED_DEVICE_FAMILY = "1,2";
			};
			name = Release;
		};
/* End XCBuildConfiguration section */

/* Begin XCConfigurationList section */
		8CB000382660DCE6004D88EB /* Build configuration list for PBXNativeTarget "DadJokesRealsies" */ = {
			isa = XCConfigurationList;
			buildConfigurations = (
				8CB000392660DCE6004D88EB /* Debug */,
				8CB0003A2660DCE6004D88EB /* Release */,
			);
			defaultConfigurationIsVisible = 0;
			defaultConfigurationName = Release;
		};
		8CB0FF9A2660C41F004D88EB /* Build configuration list for PBXProject "DadJokes" */ = {
			isa = XCConfigurationList;
			buildConfigurations = (
				8CB0FFB12660C41F004D88EB /* Debug */,
				8CB0FFB22660C41F004D88EB /* Release */,
			);
			defaultConfigurationIsVisible = 0;
			defaultConfigurationName = Release;
		};
		8CB0FFB32660C41F004D88EB /* Build configuration list for PBXNativeTarget "DadJokes" */ = {
			isa = XCConfigurationList;
			buildConfigurations = (
				8CB0FFB42660C41F004D88EB /* Debug */,
				8CB0FFB52660C41F004D88EB /* Release */,
			);
			defaultConfigurationIsVisible = 0;
			defaultConfigurationName = Release;
		};
/* End XCConfigurationList section */

/* Begin XCVersionGroup section */
		8CB0FFAD2660C41F004D88EB /* DadJokes.xcdatamodeld */ = {
			isa = XCVersionGroup;
			children = (
				8CB0FFAE2660C41F004D88EB /* DadJokes.xcdatamodel */,
			);
			currentVersion = 8CB0FFAE2660C41F004D88EB /* DadJokes.xcdatamodel */;
			path = DadJokes.xcdatamodeld;
			sourceTree = "<group>";
			versionGroupType = wrapper.xcdatamodel;
		};
/* End XCVersionGroup section */
	};
	rootObject = 8CB0FF972660C41F004D88EB /* Project object */;
}
